
Microsoft Visual Studio Solution File, Format Version 12.00
# Visual Studio Version 17
VisualStudioVersion = 17.2.32630.192
MinimumVisualStudioVersion = 10.0.40219.1
Project("{9A19103F-16F7-4668-BE54-9A1E7A4F7556}") = "R5T.F0102", "R5T.F0102\R5T.F0102.csproj", "{D4551346-1B17-4B8E-ABFD-68E53B188239}"
EndProject
Global
	GlobalSection(SolutionConfigurationPlatforms) = preSolution
		Debug|Any CPU = Debug|Any CPU
		Release|Any CPU = Release|Any CPU
	EndGlobalSection
	GlobalSection(ProjectConfigurationPlatforms) = postSolution
		{D4551346-1B17-4B8E-ABFD-68E53B188239}.Debug|Any CPU.ActiveCfg = Debug|Any CPU
		{D4551346-1B17-4B8E-ABFD-68E53B188239}.Debug|Any CPU.Build.0 = Debug|Any CPU
		{D4551346-1B17-4B8E-ABFD-68E53B188239}.Release|Any CPU.ActiveCfg = Release|Any CPU
		{D4551346-1B17-4B8E-ABFD-68E53B188239}.Release|Any CPU.Build.0 = Release|Any CPU
	EndGlobalSection
	GlobalSection(SolutionProperties) = preSolution
		HideSolutionNode = FALSE
	EndGlobalSection
	GlobalSection(ExtensibilityGlobals) = postSolution
		SolutionGuid = {34A03381-FB0F-491B-9EE1-49950B7BF6E9}
	EndGlobalSection
EndGlobal
