
Microsoft Visual Studio Solution File, Format Version 12.00
# Visual Studio Version 17
VisualStudioVersion = 17.2.32630.192
MinimumVisualStudioVersion = 10.0.40219.1
Project("{9A19103F-16F7-4668-BE54-9A1E7A4F7556}") = "R5T.F0102", "R5T.F0102\R5T.F0102.csproj", "{D4551346-1B17-4B8E-ABFD-68E53B188239}"
EndProject
Project("{2150E333-8FDC-42A3-9474-1A3956D46DE8}") = "_Dependencies", "_Dependencies", "{961F8062-07E2-42B0-AC06-61ABFE00F30E}"
EndProject
Project("{9A19103F-16F7-4668-BE54-9A1E7A4F7556}") = "R5T.F0000", "..\..\R5T.F0000\source\R5T.F0000\R5T.F0000.csproj", "{5C3B2039-A7DE-4E15-8655-AE2D65167ADF}"
EndProject
Project("{9A19103F-16F7-4668-BE54-9A1E7A4F7556}") = "R5T.F0002", "..\..\R5T.F0002\source\R5T.F0002\R5T.F0002.csproj", "{D398F7BB-9E70-41A0-BF34-59AE1E2CF425}"
EndProject
Project("{9A19103F-16F7-4668-BE54-9A1E7A4F7556}") = "R5T.F0016.F001", "..\..\R5T.F0016\source\R5T.F0016.F001\R5T.F0016.F001.csproj", "{DD0B1D4C-D951-4D65-AEEF-64528EF538A5}"
EndProject
Project("{9A19103F-16F7-4668-BE54-9A1E7A4F7556}") = "R5T.F0016", "..\..\R5T.F0016\source\R5T.F0016\R5T.F0016.csproj", "{A018541A-422E-425C-AE89-A5B12437A584}"
EndProject
Project("{9A19103F-16F7-4668-BE54-9A1E7A4F7556}") = "R5T.F0020", "..\..\R5T.F0020\source\R5T.F0020\R5T.F0020.csproj", "{95C9943E-C1F0-4700-9CE3-390CB6D9BD34}"
EndProject
Project("{9A19103F-16F7-4668-BE54-9A1E7A4F7556}") = "R5T.F0040.F000", "..\..\R5T.F0040\source\R5T.F0040.F000\R5T.F0040.F000.csproj", "{D42AF33D-1215-4BBB-AC23-62190C30D05B}"
EndProject
Project("{9A19103F-16F7-4668-BE54-9A1E7A4F7556}") = "R5T.T0131", "..\..\R5T.T0131\source\R5T.T0131\R5T.T0131.csproj", "{736FA160-E035-4000-AF19-847EB347474E}"
EndProject
Project("{9A19103F-16F7-4668-BE54-9A1E7A4F7556}") = "R5T.T0132", "..\..\R5T.T0132\source\R5T.T0132\R5T.T0132.csproj", "{6D0EEFB9-7D66-4645-8966-73B713508D97}"
EndProject
Project("{9A19103F-16F7-4668-BE54-9A1E7A4F7556}") = "R5T.T0142", "..\..\R5T.T0142\source\R5T.T0142\R5T.T0142.csproj", "{767930C2-AE9E-4FE3-A6F4-CAE95B294679}"
EndProject
Project("{9A19103F-16F7-4668-BE54-9A1E7A4F7556}") = "R5T.T0143", "..\..\R5T.T0143\source\R5T.T0143\R5T.T0143.csproj", "{E08AE157-EDD8-4727-BC3B-0DB14B8A6783}"
EndProject
Project("{9A19103F-16F7-4668-BE54-9A1E7A4F7556}") = "R5T.T0152", "..\..\R5T.T0152\source\R5T.T0152\R5T.T0152.csproj", "{B36A5947-D934-4FAA-A30B-1B426A3BB537}"
EndProject
Project("{9A19103F-16F7-4668-BE54-9A1E7A4F7556}") = "R5T.T0156", "..\..\R5T.T0156\source\R5T.T0156\R5T.T0156.csproj", "{2BC97C67-C0BF-4F20-A166-C1C3E1C8D4A4}"
EndProject
Project("{9A19103F-16F7-4668-BE54-9A1E7A4F7556}") = "R5T.Y0000", "..\..\R5T.Y0000\source\R5T.Y0000\R5T.Y0000.csproj", "{21902F02-0433-4F6D-A7EA-B1935684747C}"
EndProject
Project("{9A19103F-16F7-4668-BE54-9A1E7A4F7556}") = "R5T.Z0000", "..\..\R5T.Z0000\source\R5T.Z0000\R5T.Z0000.csproj", "{A19BFB80-34F3-44ED-B8EF-92B59B9FD0B6}"
EndProject
Project("{9A19103F-16F7-4668-BE54-9A1E7A4F7556}") = "R5T.F0032", "..\..\R5T.F0032\source\R5T.F0032\R5T.F0032.csproj", "{1A34C1B8-8273-476A-8A95-8472101C788E}"
EndProject
Project("{9A19103F-16F7-4668-BE54-9A1E7A4F7556}") = "R5T.NG0008", "..\..\R5T.NG0008\source\R5T.NG0008\R5T.NG0008.csproj", "{DE8726D2-5385-45D2-8A48-31F17B129700}"
EndProject
Project("{9A19103F-16F7-4668-BE54-9A1E7A4F7556}") = "R5T.F0052", "..\..\R5T.F0052\source\R5T.F0052\R5T.F0052.csproj", "{648A4D88-C814-4C2E-93D4-465542C5FD47}"
EndProject
Project("{9A19103F-16F7-4668-BE54-9A1E7A4F7556}") = "R5T.F0053", "..\..\R5T.F0053\source\R5T.F0053\R5T.F0053.csproj", "{0B69A382-B5B0-4E6E-A84A-89411C507999}"
EndProject
Project("{9A19103F-16F7-4668-BE54-9A1E7A4F7556}") = "R5T.F0054", "..\..\R5T.F0054\source\R5T.F0054\R5T.F0054.csproj", "{8FD583BE-C748-4FA2-8703-226D6CBD1223}"
EndProject
Global
	GlobalSection(NestedProjects) = preSolution
		{5C3B2039-A7DE-4E15-8655-AE2D65167ADF} = {961F8062-07E2-42B0-AC06-61ABFE00F30E}
		{D398F7BB-9E70-41A0-BF34-59AE1E2CF425} = {961F8062-07E2-42B0-AC06-61ABFE00F30E}
		{DD0B1D4C-D951-4D65-AEEF-64528EF538A5} = {961F8062-07E2-42B0-AC06-61ABFE00F30E}
		{A018541A-422E-425C-AE89-A5B12437A584} = {961F8062-07E2-42B0-AC06-61ABFE00F30E}
		{95C9943E-C1F0-4700-9CE3-390CB6D9BD34} = {961F8062-07E2-42B0-AC06-61ABFE00F30E}
		{D42AF33D-1215-4BBB-AC23-62190C30D05B} = {961F8062-07E2-42B0-AC06-61ABFE00F30E}
		{736FA160-E035-4000-AF19-847EB347474E} = {961F8062-07E2-42B0-AC06-61ABFE00F30E}
		{6D0EEFB9-7D66-4645-8966-73B713508D97} = {961F8062-07E2-42B0-AC06-61ABFE00F30E}
		{767930C2-AE9E-4FE3-A6F4-CAE95B294679} = {961F8062-07E2-42B0-AC06-61ABFE00F30E}
		{E08AE157-EDD8-4727-BC3B-0DB14B8A6783} = {961F8062-07E2-42B0-AC06-61ABFE00F30E}
		{B36A5947-D934-4FAA-A30B-1B426A3BB537} = {961F8062-07E2-42B0-AC06-61ABFE00F30E}
		{2BC97C67-C0BF-4F20-A166-C1C3E1C8D4A4} = {961F8062-07E2-42B0-AC06-61ABFE00F30E}
		{21902F02-0433-4F6D-A7EA-B1935684747C} = {961F8062-07E2-42B0-AC06-61ABFE00F30E}
		{A19BFB80-34F3-44ED-B8EF-92B59B9FD0B6} = {961F8062-07E2-42B0-AC06-61ABFE00F30E}
		{1A34C1B8-8273-476A-8A95-8472101C788E} = {961F8062-07E2-42B0-AC06-61ABFE00F30E}
		{DE8726D2-5385-45D2-8A48-31F17B129700} = {961F8062-07E2-42B0-AC06-61ABFE00F30E}
		{648A4D88-C814-4C2E-93D4-465542C5FD47} = {961F8062-07E2-42B0-AC06-61ABFE00F30E}
		{0B69A382-B5B0-4E6E-A84A-89411C507999} = {961F8062-07E2-42B0-AC06-61ABFE00F30E}
		{8FD583BE-C748-4FA2-8703-226D6CBD1223} = {961F8062-07E2-42B0-AC06-61ABFE00F30E}
	EndGlobalSection
	GlobalSection(SolutionConfigurationPlatforms) = preSolution
		Debug|Any CPU = Debug|Any CPU
		Release|Any CPU = Release|Any CPU
	EndGlobalSection
	GlobalSection(ProjectConfigurationPlatforms) = postSolution
		{D4551346-1B17-4B8E-ABFD-68E53B188239}.Debug|Any CPU.ActiveCfg = Debug|Any CPU
		{D4551346-1B17-4B8E-ABFD-68E53B188239}.Debug|Any CPU.Build.0 = Debug|Any CPU
		{D4551346-1B17-4B8E-ABFD-68E53B188239}.Release|Any CPU.ActiveCfg = Release|Any CPU
		{D4551346-1B17-4B8E-ABFD-68E53B188239}.Release|Any CPU.Build.0 = Release|Any CPU
		{5C3B2039-A7DE-4E15-8655-AE2D65167ADF}.Debug|Any CPU.ActiveCfg = Debug|Any CPU
		{5C3B2039-A7DE-4E15-8655-AE2D65167ADF}.Debug|Any CPU.Build.0 = Debug|Any CPU
		{5C3B2039-A7DE-4E15-8655-AE2D65167ADF}.Release|Any CPU.ActiveCfg = Release|Any CPU
		{5C3B2039-A7DE-4E15-8655-AE2D65167ADF}.Release|Any CPU.Build.0 = Release|Any CPU
		{D398F7BB-9E70-41A0-BF34-59AE1E2CF425}.Debug|Any CPU.ActiveCfg = Debug|Any CPU
		{D398F7BB-9E70-41A0-BF34-59AE1E2CF425}.Debug|Any CPU.Build.0 = Debug|Any CPU
		{D398F7BB-9E70-41A0-BF34-59AE1E2CF425}.Release|Any CPU.ActiveCfg = Release|Any CPU
		{D398F7BB-9E70-41A0-BF34-59AE1E2CF425}.Release|Any CPU.Build.0 = Release|Any CPU
		{DD0B1D4C-D951-4D65-AEEF-64528EF538A5}.Debug|Any CPU.ActiveCfg = Debug|Any CPU
		{DD0B1D4C-D951-4D65-AEEF-64528EF538A5}.Debug|Any CPU.Build.0 = Debug|Any CPU
		{DD0B1D4C-D951-4D65-AEEF-64528EF538A5}.Release|Any CPU.ActiveCfg = Release|Any CPU
		{DD0B1D4C-D951-4D65-AEEF-64528EF538A5}.Release|Any CPU.Build.0 = Release|Any CPU
		{A018541A-422E-425C-AE89-A5B12437A584}.Debug|Any CPU.ActiveCfg = Debug|Any CPU
		{A018541A-422E-425C-AE89-A5B12437A584}.Debug|Any CPU.Build.0 = Debug|Any CPU
		{A018541A-422E-425C-AE89-A5B12437A584}.Release|Any CPU.ActiveCfg = Release|Any CPU
		{A018541A-422E-425C-AE89-A5B12437A584}.Release|Any CPU.Build.0 = Release|Any CPU
		{95C9943E-C1F0-4700-9CE3-390CB6D9BD34}.Debug|Any CPU.ActiveCfg = Debug|Any CPU
		{95C9943E-C1F0-4700-9CE3-390CB6D9BD34}.Debug|Any CPU.Build.0 = Debug|Any CPU
		{95C9943E-C1F0-4700-9CE3-390CB6D9BD34}.Release|Any CPU.ActiveCfg = Release|Any CPU
		{95C9943E-C1F0-4700-9CE3-390CB6D9BD34}.Release|Any CPU.Build.0 = Release|Any CPU
		{D42AF33D-1215-4BBB-AC23-62190C30D05B}.Debug|Any CPU.ActiveCfg = Debug|Any CPU
		{D42AF33D-1215-4BBB-AC23-62190C30D05B}.Debug|Any CPU.Build.0 = Debug|Any CPU
		{D42AF33D-1215-4BBB-AC23-62190C30D05B}.Release|Any CPU.ActiveCfg = Release|Any CPU
		{D42AF33D-1215-4BBB-AC23-62190C30D05B}.Release|Any CPU.Build.0 = Release|Any CPU
		{736FA160-E035-4000-AF19-847EB347474E}.Debug|Any CPU.ActiveCfg = Debug|Any CPU
		{736FA160-E035-4000-AF19-847EB347474E}.Debug|Any CPU.Build.0 = Debug|Any CPU
		{736FA160-E035-4000-AF19-847EB347474E}.Release|Any CPU.ActiveCfg = Release|Any CPU
		{736FA160-E035-4000-AF19-847EB347474E}.Release|Any CPU.Build.0 = Release|Any CPU
		{6D0EEFB9-7D66-4645-8966-73B713508D97}.Debug|Any CPU.ActiveCfg = Debug|Any CPU
		{6D0EEFB9-7D66-4645-8966-73B713508D97}.Debug|Any CPU.Build.0 = Debug|Any CPU
		{6D0EEFB9-7D66-4645-8966-73B713508D97}.Release|Any CPU.ActiveCfg = Release|Any CPU
		{6D0EEFB9-7D66-4645-8966-73B713508D97}.Release|Any CPU.Build.0 = Release|Any CPU
		{767930C2-AE9E-4FE3-A6F4-CAE95B294679}.Debug|Any CPU.ActiveCfg = Debug|Any CPU
		{767930C2-AE9E-4FE3-A6F4-CAE95B294679}.Debug|Any CPU.Build.0 = Debug|Any CPU
		{767930C2-AE9E-4FE3-A6F4-CAE95B294679}.Release|Any CPU.ActiveCfg = Release|Any CPU
		{767930C2-AE9E-4FE3-A6F4-CAE95B294679}.Release|Any CPU.Build.0 = Release|Any CPU
		{E08AE157-EDD8-4727-BC3B-0DB14B8A6783}.Debug|Any CPU.ActiveCfg = Debug|Any CPU
		{E08AE157-EDD8-4727-BC3B-0DB14B8A6783}.Debug|Any CPU.Build.0 = Debug|Any CPU
		{E08AE157-EDD8-4727-BC3B-0DB14B8A6783}.Release|Any CPU.ActiveCfg = Release|Any CPU
		{E08AE157-EDD8-4727-BC3B-0DB14B8A6783}.Release|Any CPU.Build.0 = Release|Any CPU
		{B36A5947-D934-4FAA-A30B-1B426A3BB537}.Debug|Any CPU.ActiveCfg = Debug|Any CPU
		{B36A5947-D934-4FAA-A30B-1B426A3BB537}.Debug|Any CPU.Build.0 = Debug|Any CPU
		{B36A5947-D934-4FAA-A30B-1B426A3BB537}.Release|Any CPU.ActiveCfg = Release|Any CPU
		{B36A5947-D934-4FAA-A30B-1B426A3BB537}.Release|Any CPU.Build.0 = Release|Any CPU
		{2BC97C67-C0BF-4F20-A166-C1C3E1C8D4A4}.Debug|Any CPU.ActiveCfg = Debug|Any CPU
		{2BC97C67-C0BF-4F20-A166-C1C3E1C8D4A4}.Debug|Any CPU.Build.0 = Debug|Any CPU
		{2BC97C67-C0BF-4F20-A166-C1C3E1C8D4A4}.Release|Any CPU.ActiveCfg = Release|Any CPU
		{2BC97C67-C0BF-4F20-A166-C1C3E1C8D4A4}.Release|Any CPU.Build.0 = Release|Any CPU
		{21902F02-0433-4F6D-A7EA-B1935684747C}.Debug|Any CPU.ActiveCfg = Debug|Any CPU
		{21902F02-0433-4F6D-A7EA-B1935684747C}.Debug|Any CPU.Build.0 = Debug|Any CPU
		{21902F02-0433-4F6D-A7EA-B1935684747C}.Release|Any CPU.ActiveCfg = Release|Any CPU
		{21902F02-0433-4F6D-A7EA-B1935684747C}.Release|Any CPU.Build.0 = Release|Any CPU
		{A19BFB80-34F3-44ED-B8EF-92B59B9FD0B6}.Debug|Any CPU.ActiveCfg = Debug|Any CPU
		{A19BFB80-34F3-44ED-B8EF-92B59B9FD0B6}.Debug|Any CPU.Build.0 = Debug|Any CPU
		{A19BFB80-34F3-44ED-B8EF-92B59B9FD0B6}.Release|Any CPU.ActiveCfg = Release|Any CPU
		{A19BFB80-34F3-44ED-B8EF-92B59B9FD0B6}.Release|Any CPU.Build.0 = Release|Any CPU
		{1A34C1B8-8273-476A-8A95-8472101C788E}.Debug|Any CPU.ActiveCfg = Debug|Any CPU
		{1A34C1B8-8273-476A-8A95-8472101C788E}.Debug|Any CPU.Build.0 = Debug|Any CPU
		{1A34C1B8-8273-476A-8A95-8472101C788E}.Release|Any CPU.ActiveCfg = Release|Any CPU
		{1A34C1B8-8273-476A-8A95-8472101C788E}.Release|Any CPU.Build.0 = Release|Any CPU
		{DE8726D2-5385-45D2-8A48-31F17B129700}.Debug|Any CPU.ActiveCfg = Debug|Any CPU
		{DE8726D2-5385-45D2-8A48-31F17B129700}.Debug|Any CPU.Build.0 = Debug|Any CPU
		{DE8726D2-5385-45D2-8A48-31F17B129700}.Release|Any CPU.ActiveCfg = Release|Any CPU
		{DE8726D2-5385-45D2-8A48-31F17B129700}.Release|Any CPU.Build.0 = Release|Any CPU
		{648A4D88-C814-4C2E-93D4-465542C5FD47}.Debug|Any CPU.ActiveCfg = Debug|Any CPU
		{648A4D88-C814-4C2E-93D4-465542C5FD47}.Debug|Any CPU.Build.0 = Debug|Any CPU
		{648A4D88-C814-4C2E-93D4-465542C5FD47}.Release|Any CPU.ActiveCfg = Release|Any CPU
		{648A4D88-C814-4C2E-93D4-465542C5FD47}.Release|Any CPU.Build.0 = Release|Any CPU
		{0B69A382-B5B0-4E6E-A84A-89411C507999}.Debug|Any CPU.ActiveCfg = Debug|Any CPU
		{0B69A382-B5B0-4E6E-A84A-89411C507999}.Debug|Any CPU.Build.0 = Debug|Any CPU
		{0B69A382-B5B0-4E6E-A84A-89411C507999}.Release|Any CPU.ActiveCfg = Release|Any CPU
		{0B69A382-B5B0-4E6E-A84A-89411C507999}.Release|Any CPU.Build.0 = Release|Any CPU
		{8FD583BE-C748-4FA2-8703-226D6CBD1223}.Debug|Any CPU.ActiveCfg = Debug|Any CPU
		{8FD583BE-C748-4FA2-8703-226D6CBD1223}.Debug|Any CPU.Build.0 = Debug|Any CPU
		{8FD583BE-C748-4FA2-8703-226D6CBD1223}.Release|Any CPU.ActiveCfg = Release|Any CPU
		{8FD583BE-C748-4FA2-8703-226D6CBD1223}.Release|Any CPU.Build.0 = Release|Any CPU
	EndGlobalSection
	GlobalSection(SolutionProperties) = preSolution
		HideSolutionNode = FALSE
	EndGlobalSection
	GlobalSection(ExtensibilityGlobals) = postSolution
		SolutionGuid = {34A03381-FB0F-491B-9EE1-49950B7BF6E9}
	EndGlobalSection
EndGlobal
