
Microsoft Visual Studio Solution File, Format Version 12.00
# Visual Studio Version 17
VisualStudioVersion = 17.2.32630.192
MinimumVisualStudioVersion = 10.0.40219.1
Project("{9A19103F-16F7-4668-BE54-9A1E7A4F7556}") = "R5T.F0102.Construction", "R5T.F0102.Construction\R5T.F0102.Construction.csproj", "{50CFF7ED-3D5A-4A49-8B0D-E12DC7DBD951}"
EndProject
Project("{9A19103F-16F7-4668-BE54-9A1E7A4F7556}") = "R5T.F0102", "R5T.F0102\R5T.F0102.csproj", "{F0F697D6-0397-4C50-A6C3-7C4619EC66B4}"
EndProject
Project("{2150E333-8FDC-42A3-9474-1A3956D46DE8}") = "_Dependencies", "_Dependencies", "{337F202A-2B80-45AD-AFFC-68BDABE2C4AD}"
EndProject
Project("{9A19103F-16F7-4668-BE54-9A1E7A4F7556}") = "R5T.F0000", "..\..\R5T.F0000\source\R5T.F0000\R5T.F0000.csproj", "{F006F632-1C44-4169-8D26-4C9618BE10D8}"
EndProject
Project("{9A19103F-16F7-4668-BE54-9A1E7A4F7556}") = "R5T.F0002", "..\..\R5T.F0002\source\R5T.F0002\R5T.F0002.csproj", "{88EFB578-B528-4CDB-B506-93B7037DC2EC}"
EndProject
Project("{9A19103F-16F7-4668-BE54-9A1E7A4F7556}") = "R5T.F0016.F001", "..\..\R5T.F0016\source\R5T.F0016.F001\R5T.F0016.F001.csproj", "{CB5F3B25-4A7D-46CC-A162-34BE7903AA62}"
EndProject
Project("{9A19103F-16F7-4668-BE54-9A1E7A4F7556}") = "R5T.F0016", "..\..\R5T.F0016\source\R5T.F0016\R5T.F0016.csproj", "{88B3C7FE-915A-4ACA-B3FA-9B9BE8FFE24B}"
EndProject
Project("{9A19103F-16F7-4668-BE54-9A1E7A4F7556}") = "R5T.F0020", "..\..\R5T.F0020\source\R5T.F0020\R5T.F0020.csproj", "{EF3DC376-126C-4D66-B5C1-273A50F8A6BA}"
EndProject
Project("{9A19103F-16F7-4668-BE54-9A1E7A4F7556}") = "R5T.F0040.F000", "..\..\R5T.F0040\source\R5T.F0040.F000\R5T.F0040.F000.csproj", "{0BAC937C-3D26-475B-8140-EAF1A2012161}"
EndProject
Project("{9A19103F-16F7-4668-BE54-9A1E7A4F7556}") = "R5T.T0131", "..\..\R5T.T0131\source\R5T.T0131\R5T.T0131.csproj", "{9DD8B668-1DCE-4AFC-A040-292EAF1A7FCE}"
EndProject
Project("{9A19103F-16F7-4668-BE54-9A1E7A4F7556}") = "R5T.T0132", "..\..\R5T.T0132\source\R5T.T0132\R5T.T0132.csproj", "{54977367-A036-4EE4-9286-2A1483EBDA19}"
EndProject
Project("{9A19103F-16F7-4668-BE54-9A1E7A4F7556}") = "R5T.T0142", "..\..\R5T.T0142\source\R5T.T0142\R5T.T0142.csproj", "{C50DB7A8-970E-4AEC-A498-9934245BC829}"
EndProject
Project("{9A19103F-16F7-4668-BE54-9A1E7A4F7556}") = "R5T.T0143", "..\..\R5T.T0143\source\R5T.T0143\R5T.T0143.csproj", "{30F76B75-4A80-4E6B-A0AC-1C216150E3C0}"
EndProject
Project("{9A19103F-16F7-4668-BE54-9A1E7A4F7556}") = "R5T.T0152", "..\..\R5T.T0152\source\R5T.T0152\R5T.T0152.csproj", "{28652638-BBD9-4E38-B11E-FBED0507586E}"
EndProject
Project("{9A19103F-16F7-4668-BE54-9A1E7A4F7556}") = "R5T.T0156", "..\..\R5T.T0156\source\R5T.T0156\R5T.T0156.csproj", "{BC5E0C15-00CA-4B45-95D0-913D35A21303}"
EndProject
Project("{9A19103F-16F7-4668-BE54-9A1E7A4F7556}") = "R5T.Y0000", "..\..\R5T.Y0000\source\R5T.Y0000\R5T.Y0000.csproj", "{9D5EB3E3-E376-42B1-A248-812FB817A694}"
EndProject
Project("{9A19103F-16F7-4668-BE54-9A1E7A4F7556}") = "R5T.Z0000", "..\..\R5T.Z0000\source\R5T.Z0000\R5T.Z0000.csproj", "{4F5095EF-77A4-41C7-8A02-C954F8D8511B}"
EndProject
Project("{9A19103F-16F7-4668-BE54-9A1E7A4F7556}") = "R5T.F0032", "..\..\R5T.F0032\source\R5T.F0032\R5T.F0032.csproj", "{1C274B38-35B4-49EB-A295-E64950D9462C}"
EndProject
Project("{9A19103F-16F7-4668-BE54-9A1E7A4F7556}") = "R5T.NG0008", "..\..\R5T.NG0008\source\R5T.NG0008\R5T.NG0008.csproj", "{0618DA8C-F405-4716-9DBF-43091C1F6E75}"
EndProject
Project("{9A19103F-16F7-4668-BE54-9A1E7A4F7556}") = "R5T.F0052", "..\..\R5T.F0052\source\R5T.F0052\R5T.F0052.csproj", "{414543D6-2869-4962-A0C7-FEC18F302276}"
EndProject
Project("{9A19103F-16F7-4668-BE54-9A1E7A4F7556}") = "R5T.F0053", "..\..\R5T.F0053\source\R5T.F0053\R5T.F0053.csproj", "{01E15086-4943-4E49-ACF0-F8B37FDE9A58}"
EndProject
Project("{9A19103F-16F7-4668-BE54-9A1E7A4F7556}") = "R5T.F0054", "..\..\R5T.F0054\source\R5T.F0054\R5T.F0054.csproj", "{EC950CFC-55B9-4542-9E15-9338CF441098}"
EndProject
Project("{9A19103F-16F7-4668-BE54-9A1E7A4F7556}") = "R5T.L0053", "..\..\R5T.L0053\source\R5T.L0053\R5T.L0053.csproj", "{27B429C9-BAC5-4C9D-9BDE-3E7D2C37E7B4}"
EndProject
Project("{9A19103F-16F7-4668-BE54-9A1E7A4F7556}") = "R5T.L0066", "..\..\R5T.L0066\source\R5T.L0066\R5T.L0066.csproj", "{1494983B-B3DF-4D70-99AF-6D1C42EB7FB3}"
EndProject
Project("{9A19103F-16F7-4668-BE54-9A1E7A4F7556}") = "R5T.L0071", "..\..\R5T.L0071\source\R5T.L0071\R5T.L0071.csproj", "{6AADF8A2-E9D2-4A36-98D7-52FDFE31FCE5}"
EndProject
Project("{9A19103F-16F7-4668-BE54-9A1E7A4F7556}") = "R5T.L0089.F000", "..\..\R5T.L0089\source\R5T.L0089.F000\R5T.L0089.F000.csproj", "{C2F6E4A6-897A-47BE-B2EB-761B2A976137}"
EndProject
Project("{9A19103F-16F7-4668-BE54-9A1E7A4F7556}") = "R5T.L0089.T000", "..\..\R5T.L0089\source\R5T.L0089.T000\R5T.L0089.T000.csproj", "{CCD28FF0-B981-4A52-B011-896EDD933994}"
EndProject
Project("{9A19103F-16F7-4668-BE54-9A1E7A4F7556}") = "R5T.L0089", "..\..\R5T.L0089\source\R5T.L0089\R5T.L0089.csproj", "{ECAD626D-359A-4250-9065-CAEEC7B65D83}"
EndProject
Project("{9A19103F-16F7-4668-BE54-9A1E7A4F7556}") = "R5T.T0221", "..\..\R5T.T0221\source\R5T.T0221\R5T.T0221.csproj", "{27C412CA-7D43-49C9-8E9D-8B336C5B6B8F}"
EndProject
Project("{9A19103F-16F7-4668-BE54-9A1E7A4F7556}") = "R5T.Y0006", "..\..\R5T.Y0006\source\R5T.Y0006\R5T.Y0006.csproj", "{59B07AF8-D7F6-45AC-8CAF-08ECA7530CE6}"
EndProject
Project("{9A19103F-16F7-4668-BE54-9A1E7A4F7556}") = "R5T.Z0010.Platform", "..\..\R5T.Z0010\source\R5T.Z0010.Platform\R5T.Z0010.Platform.csproj", "{6312A2F0-0E49-49C1-A39C-942AF832CC57}"
EndProject
Global
	GlobalSection(NestedProjects) = preSolution
		{F006F632-1C44-4169-8D26-4C9618BE10D8} = {337F202A-2B80-45AD-AFFC-68BDABE2C4AD}
		{88EFB578-B528-4CDB-B506-93B7037DC2EC} = {337F202A-2B80-45AD-AFFC-68BDABE2C4AD}
		{CB5F3B25-4A7D-46CC-A162-34BE7903AA62} = {337F202A-2B80-45AD-AFFC-68BDABE2C4AD}
		{88B3C7FE-915A-4ACA-B3FA-9B9BE8FFE24B} = {337F202A-2B80-45AD-AFFC-68BDABE2C4AD}
		{EF3DC376-126C-4D66-B5C1-273A50F8A6BA} = {337F202A-2B80-45AD-AFFC-68BDABE2C4AD}
		{0BAC937C-3D26-475B-8140-EAF1A2012161} = {337F202A-2B80-45AD-AFFC-68BDABE2C4AD}
		{9DD8B668-1DCE-4AFC-A040-292EAF1A7FCE} = {337F202A-2B80-45AD-AFFC-68BDABE2C4AD}
		{54977367-A036-4EE4-9286-2A1483EBDA19} = {337F202A-2B80-45AD-AFFC-68BDABE2C4AD}
		{C50DB7A8-970E-4AEC-A498-9934245BC829} = {337F202A-2B80-45AD-AFFC-68BDABE2C4AD}
		{30F76B75-4A80-4E6B-A0AC-1C216150E3C0} = {337F202A-2B80-45AD-AFFC-68BDABE2C4AD}
		{28652638-BBD9-4E38-B11E-FBED0507586E} = {337F202A-2B80-45AD-AFFC-68BDABE2C4AD}
		{BC5E0C15-00CA-4B45-95D0-913D35A21303} = {337F202A-2B80-45AD-AFFC-68BDABE2C4AD}
		{9D5EB3E3-E376-42B1-A248-812FB817A694} = {337F202A-2B80-45AD-AFFC-68BDABE2C4AD}
		{4F5095EF-77A4-41C7-8A02-C954F8D8511B} = {337F202A-2B80-45AD-AFFC-68BDABE2C4AD}
		{1C274B38-35B4-49EB-A295-E64950D9462C} = {337F202A-2B80-45AD-AFFC-68BDABE2C4AD}
		{0618DA8C-F405-4716-9DBF-43091C1F6E75} = {337F202A-2B80-45AD-AFFC-68BDABE2C4AD}
		{414543D6-2869-4962-A0C7-FEC18F302276} = {337F202A-2B80-45AD-AFFC-68BDABE2C4AD}
		{01E15086-4943-4E49-ACF0-F8B37FDE9A58} = {337F202A-2B80-45AD-AFFC-68BDABE2C4AD}
		{EC950CFC-55B9-4542-9E15-9338CF441098} = {337F202A-2B80-45AD-AFFC-68BDABE2C4AD}
		{27B429C9-BAC5-4C9D-9BDE-3E7D2C37E7B4} = {337F202A-2B80-45AD-AFFC-68BDABE2C4AD}
		{1494983B-B3DF-4D70-99AF-6D1C42EB7FB3} = {337F202A-2B80-45AD-AFFC-68BDABE2C4AD}
		{6AADF8A2-E9D2-4A36-98D7-52FDFE31FCE5} = {337F202A-2B80-45AD-AFFC-68BDABE2C4AD}
		{C2F6E4A6-897A-47BE-B2EB-761B2A976137} = {337F202A-2B80-45AD-AFFC-68BDABE2C4AD}
		{CCD28FF0-B981-4A52-B011-896EDD933994} = {337F202A-2B80-45AD-AFFC-68BDABE2C4AD}
		{ECAD626D-359A-4250-9065-CAEEC7B65D83} = {337F202A-2B80-45AD-AFFC-68BDABE2C4AD}
		{27C412CA-7D43-49C9-8E9D-8B336C5B6B8F} = {337F202A-2B80-45AD-AFFC-68BDABE2C4AD}
		{59B07AF8-D7F6-45AC-8CAF-08ECA7530CE6} = {337F202A-2B80-45AD-AFFC-68BDABE2C4AD}
		{6312A2F0-0E49-49C1-A39C-942AF832CC57} = {337F202A-2B80-45AD-AFFC-68BDABE2C4AD}
	EndGlobalSection
	GlobalSection(SolutionConfigurationPlatforms) = preSolution
		Debug|Any CPU = Debug|Any CPU
		Release|Any CPU = Release|Any CPU
	EndGlobalSection
	GlobalSection(ProjectConfigurationPlatforms) = postSolution
		{50CFF7ED-3D5A-4A49-8B0D-E12DC7DBD951}.Debug|Any CPU.ActiveCfg = Debug|Any CPU
		{50CFF7ED-3D5A-4A49-8B0D-E12DC7DBD951}.Debug|Any CPU.Build.0 = Debug|Any CPU
		{50CFF7ED-3D5A-4A49-8B0D-E12DC7DBD951}.Release|Any CPU.ActiveCfg = Release|Any CPU
		{50CFF7ED-3D5A-4A49-8B0D-E12DC7DBD951}.Release|Any CPU.Build.0 = Release|Any CPU
		{F0F697D6-0397-4C50-A6C3-7C4619EC66B4}.Debug|Any CPU.ActiveCfg = Debug|Any CPU
		{F0F697D6-0397-4C50-A6C3-7C4619EC66B4}.Debug|Any CPU.Build.0 = Debug|Any CPU
		{F0F697D6-0397-4C50-A6C3-7C4619EC66B4}.Release|Any CPU.ActiveCfg = Release|Any CPU
		{F0F697D6-0397-4C50-A6C3-7C4619EC66B4}.Release|Any CPU.Build.0 = Release|Any CPU
		{F006F632-1C44-4169-8D26-4C9618BE10D8}.Debug|Any CPU.ActiveCfg = Debug|Any CPU
		{F006F632-1C44-4169-8D26-4C9618BE10D8}.Debug|Any CPU.Build.0 = Debug|Any CPU
		{F006F632-1C44-4169-8D26-4C9618BE10D8}.Release|Any CPU.ActiveCfg = Release|Any CPU
		{F006F632-1C44-4169-8D26-4C9618BE10D8}.Release|Any CPU.Build.0 = Release|Any CPU
		{88EFB578-B528-4CDB-B506-93B7037DC2EC}.Debug|Any CPU.ActiveCfg = Debug|Any CPU
		{88EFB578-B528-4CDB-B506-93B7037DC2EC}.Debug|Any CPU.Build.0 = Debug|Any CPU
		{88EFB578-B528-4CDB-B506-93B7037DC2EC}.Release|Any CPU.ActiveCfg = Release|Any CPU
		{88EFB578-B528-4CDB-B506-93B7037DC2EC}.Release|Any CPU.Build.0 = Release|Any CPU
		{CB5F3B25-4A7D-46CC-A162-34BE7903AA62}.Debug|Any CPU.ActiveCfg = Debug|Any CPU
		{CB5F3B25-4A7D-46CC-A162-34BE7903AA62}.Debug|Any CPU.Build.0 = Debug|Any CPU
		{CB5F3B25-4A7D-46CC-A162-34BE7903AA62}.Release|Any CPU.ActiveCfg = Release|Any CPU
		{CB5F3B25-4A7D-46CC-A162-34BE7903AA62}.Release|Any CPU.Build.0 = Release|Any CPU
		{88B3C7FE-915A-4ACA-B3FA-9B9BE8FFE24B}.Debug|Any CPU.ActiveCfg = Debug|Any CPU
		{88B3C7FE-915A-4ACA-B3FA-9B9BE8FFE24B}.Debug|Any CPU.Build.0 = Debug|Any CPU
		{88B3C7FE-915A-4ACA-B3FA-9B9BE8FFE24B}.Release|Any CPU.ActiveCfg = Release|Any CPU
		{88B3C7FE-915A-4ACA-B3FA-9B9BE8FFE24B}.Release|Any CPU.Build.0 = Release|Any CPU
		{EF3DC376-126C-4D66-B5C1-273A50F8A6BA}.Debug|Any CPU.ActiveCfg = Debug|Any CPU
		{EF3DC376-126C-4D66-B5C1-273A50F8A6BA}.Debug|Any CPU.Build.0 = Debug|Any CPU
		{EF3DC376-126C-4D66-B5C1-273A50F8A6BA}.Release|Any CPU.ActiveCfg = Release|Any CPU
		{EF3DC376-126C-4D66-B5C1-273A50F8A6BA}.Release|Any CPU.Build.0 = Release|Any CPU
		{0BAC937C-3D26-475B-8140-EAF1A2012161}.Debug|Any CPU.ActiveCfg = Debug|Any CPU
		{0BAC937C-3D26-475B-8140-EAF1A2012161}.Debug|Any CPU.Build.0 = Debug|Any CPU
		{0BAC937C-3D26-475B-8140-EAF1A2012161}.Release|Any CPU.ActiveCfg = Release|Any CPU
		{0BAC937C-3D26-475B-8140-EAF1A2012161}.Release|Any CPU.Build.0 = Release|Any CPU
		{9DD8B668-1DCE-4AFC-A040-292EAF1A7FCE}.Debug|Any CPU.ActiveCfg = Debug|Any CPU
		{9DD8B668-1DCE-4AFC-A040-292EAF1A7FCE}.Debug|Any CPU.Build.0 = Debug|Any CPU
		{9DD8B668-1DCE-4AFC-A040-292EAF1A7FCE}.Release|Any CPU.ActiveCfg = Release|Any CPU
		{9DD8B668-1DCE-4AFC-A040-292EAF1A7FCE}.Release|Any CPU.Build.0 = Release|Any CPU
		{54977367-A036-4EE4-9286-2A1483EBDA19}.Debug|Any CPU.ActiveCfg = Debug|Any CPU
		{54977367-A036-4EE4-9286-2A1483EBDA19}.Debug|Any CPU.Build.0 = Debug|Any CPU
		{54977367-A036-4EE4-9286-2A1483EBDA19}.Release|Any CPU.ActiveCfg = Release|Any CPU
		{54977367-A036-4EE4-9286-2A1483EBDA19}.Release|Any CPU.Build.0 = Release|Any CPU
		{C50DB7A8-970E-4AEC-A498-9934245BC829}.Debug|Any CPU.ActiveCfg = Debug|Any CPU
		{C50DB7A8-970E-4AEC-A498-9934245BC829}.Debug|Any CPU.Build.0 = Debug|Any CPU
		{C50DB7A8-970E-4AEC-A498-9934245BC829}.Release|Any CPU.ActiveCfg = Release|Any CPU
		{C50DB7A8-970E-4AEC-A498-9934245BC829}.Release|Any CPU.Build.0 = Release|Any CPU
		{30F76B75-4A80-4E6B-A0AC-1C216150E3C0}.Debug|Any CPU.ActiveCfg = Debug|Any CPU
		{30F76B75-4A80-4E6B-A0AC-1C216150E3C0}.Debug|Any CPU.Build.0 = Debug|Any CPU
		{30F76B75-4A80-4E6B-A0AC-1C216150E3C0}.Release|Any CPU.ActiveCfg = Release|Any CPU
		{30F76B75-4A80-4E6B-A0AC-1C216150E3C0}.Release|Any CPU.Build.0 = Release|Any CPU
		{28652638-BBD9-4E38-B11E-FBED0507586E}.Debug|Any CPU.ActiveCfg = Debug|Any CPU
		{28652638-BBD9-4E38-B11E-FBED0507586E}.Debug|Any CPU.Build.0 = Debug|Any CPU
		{28652638-BBD9-4E38-B11E-FBED0507586E}.Release|Any CPU.ActiveCfg = Release|Any CPU
		{28652638-BBD9-4E38-B11E-FBED0507586E}.Release|Any CPU.Build.0 = Release|Any CPU
		{BC5E0C15-00CA-4B45-95D0-913D35A21303}.Debug|Any CPU.ActiveCfg = Debug|Any CPU
		{BC5E0C15-00CA-4B45-95D0-913D35A21303}.Debug|Any CPU.Build.0 = Debug|Any CPU
		{BC5E0C15-00CA-4B45-95D0-913D35A21303}.Release|Any CPU.ActiveCfg = Release|Any CPU
		{BC5E0C15-00CA-4B45-95D0-913D35A21303}.Release|Any CPU.Build.0 = Release|Any CPU
		{9D5EB3E3-E376-42B1-A248-812FB817A694}.Debug|Any CPU.ActiveCfg = Debug|Any CPU
		{9D5EB3E3-E376-42B1-A248-812FB817A694}.Debug|Any CPU.Build.0 = Debug|Any CPU
		{9D5EB3E3-E376-42B1-A248-812FB817A694}.Release|Any CPU.ActiveCfg = Release|Any CPU
		{9D5EB3E3-E376-42B1-A248-812FB817A694}.Release|Any CPU.Build.0 = Release|Any CPU
		{4F5095EF-77A4-41C7-8A02-C954F8D8511B}.Debug|Any CPU.ActiveCfg = Debug|Any CPU
		{4F5095EF-77A4-41C7-8A02-C954F8D8511B}.Debug|Any CPU.Build.0 = Debug|Any CPU
		{4F5095EF-77A4-41C7-8A02-C954F8D8511B}.Release|Any CPU.ActiveCfg = Release|Any CPU
		{4F5095EF-77A4-41C7-8A02-C954F8D8511B}.Release|Any CPU.Build.0 = Release|Any CPU
		{1C274B38-35B4-49EB-A295-E64950D9462C}.Debug|Any CPU.ActiveCfg = Debug|Any CPU
		{1C274B38-35B4-49EB-A295-E64950D9462C}.Debug|Any CPU.Build.0 = Debug|Any CPU
		{1C274B38-35B4-49EB-A295-E64950D9462C}.Release|Any CPU.ActiveCfg = Release|Any CPU
		{1C274B38-35B4-49EB-A295-E64950D9462C}.Release|Any CPU.Build.0 = Release|Any CPU
		{0618DA8C-F405-4716-9DBF-43091C1F6E75}.Debug|Any CPU.ActiveCfg = Debug|Any CPU
		{0618DA8C-F405-4716-9DBF-43091C1F6E75}.Debug|Any CPU.Build.0 = Debug|Any CPU
		{0618DA8C-F405-4716-9DBF-43091C1F6E75}.Release|Any CPU.ActiveCfg = Release|Any CPU
		{0618DA8C-F405-4716-9DBF-43091C1F6E75}.Release|Any CPU.Build.0 = Release|Any CPU
		{414543D6-2869-4962-A0C7-FEC18F302276}.Debug|Any CPU.ActiveCfg = Debug|Any CPU
		{414543D6-2869-4962-A0C7-FEC18F302276}.Debug|Any CPU.Build.0 = Debug|Any CPU
		{414543D6-2869-4962-A0C7-FEC18F302276}.Release|Any CPU.ActiveCfg = Release|Any CPU
		{414543D6-2869-4962-A0C7-FEC18F302276}.Release|Any CPU.Build.0 = Release|Any CPU
		{01E15086-4943-4E49-ACF0-F8B37FDE9A58}.Debug|Any CPU.ActiveCfg = Debug|Any CPU
		{01E15086-4943-4E49-ACF0-F8B37FDE9A58}.Debug|Any CPU.Build.0 = Debug|Any CPU
		{01E15086-4943-4E49-ACF0-F8B37FDE9A58}.Release|Any CPU.ActiveCfg = Release|Any CPU
		{01E15086-4943-4E49-ACF0-F8B37FDE9A58}.Release|Any CPU.Build.0 = Release|Any CPU
		{EC950CFC-55B9-4542-9E15-9338CF441098}.Debug|Any CPU.ActiveCfg = Debug|Any CPU
		{EC950CFC-55B9-4542-9E15-9338CF441098}.Debug|Any CPU.Build.0 = Debug|Any CPU
		{EC950CFC-55B9-4542-9E15-9338CF441098}.Release|Any CPU.ActiveCfg = Release|Any CPU
		{EC950CFC-55B9-4542-9E15-9338CF441098}.Release|Any CPU.Build.0 = Release|Any CPU
		{27B429C9-BAC5-4C9D-9BDE-3E7D2C37E7B4}.Debug|Any CPU.ActiveCfg = Debug|Any CPU
		{27B429C9-BAC5-4C9D-9BDE-3E7D2C37E7B4}.Debug|Any CPU.Build.0 = Debug|Any CPU
		{27B429C9-BAC5-4C9D-9BDE-3E7D2C37E7B4}.Release|Any CPU.ActiveCfg = Release|Any CPU
		{27B429C9-BAC5-4C9D-9BDE-3E7D2C37E7B4}.Release|Any CPU.Build.0 = Release|Any CPU
		{1494983B-B3DF-4D70-99AF-6D1C42EB7FB3}.Debug|Any CPU.ActiveCfg = Debug|Any CPU
		{1494983B-B3DF-4D70-99AF-6D1C42EB7FB3}.Debug|Any CPU.Build.0 = Debug|Any CPU
		{1494983B-B3DF-4D70-99AF-6D1C42EB7FB3}.Release|Any CPU.ActiveCfg = Release|Any CPU
		{1494983B-B3DF-4D70-99AF-6D1C42EB7FB3}.Release|Any CPU.Build.0 = Release|Any CPU
		{6AADF8A2-E9D2-4A36-98D7-52FDFE31FCE5}.Debug|Any CPU.ActiveCfg = Debug|Any CPU
		{6AADF8A2-E9D2-4A36-98D7-52FDFE31FCE5}.Debug|Any CPU.Build.0 = Debug|Any CPU
		{6AADF8A2-E9D2-4A36-98D7-52FDFE31FCE5}.Release|Any CPU.ActiveCfg = Release|Any CPU
		{6AADF8A2-E9D2-4A36-98D7-52FDFE31FCE5}.Release|Any CPU.Build.0 = Release|Any CPU
		{C2F6E4A6-897A-47BE-B2EB-761B2A976137}.Debug|Any CPU.ActiveCfg = Debug|Any CPU
		{C2F6E4A6-897A-47BE-B2EB-761B2A976137}.Debug|Any CPU.Build.0 = Debug|Any CPU
		{C2F6E4A6-897A-47BE-B2EB-761B2A976137}.Release|Any CPU.ActiveCfg = Release|Any CPU
		{C2F6E4A6-897A-47BE-B2EB-761B2A976137}.Release|Any CPU.Build.0 = Release|Any CPU
		{CCD28FF0-B981-4A52-B011-896EDD933994}.Debug|Any CPU.ActiveCfg = Debug|Any CPU
		{CCD28FF0-B981-4A52-B011-896EDD933994}.Debug|Any CPU.Build.0 = Debug|Any CPU
		{CCD28FF0-B981-4A52-B011-896EDD933994}.Release|Any CPU.ActiveCfg = Release|Any CPU
		{CCD28FF0-B981-4A52-B011-896EDD933994}.Release|Any CPU.Build.0 = Release|Any CPU
		{ECAD626D-359A-4250-9065-CAEEC7B65D83}.Debug|Any CPU.ActiveCfg = Debug|Any CPU
		{ECAD626D-359A-4250-9065-CAEEC7B65D83}.Debug|Any CPU.Build.0 = Debug|Any CPU
		{ECAD626D-359A-4250-9065-CAEEC7B65D83}.Release|Any CPU.ActiveCfg = Release|Any CPU
		{ECAD626D-359A-4250-9065-CAEEC7B65D83}.Release|Any CPU.Build.0 = Release|Any CPU
		{27C412CA-7D43-49C9-8E9D-8B336C5B6B8F}.Debug|Any CPU.ActiveCfg = Debug|Any CPU
		{27C412CA-7D43-49C9-8E9D-8B336C5B6B8F}.Debug|Any CPU.Build.0 = Debug|Any CPU
		{27C412CA-7D43-49C9-8E9D-8B336C5B6B8F}.Release|Any CPU.ActiveCfg = Release|Any CPU
		{27C412CA-7D43-49C9-8E9D-8B336C5B6B8F}.Release|Any CPU.Build.0 = Release|Any CPU
		{59B07AF8-D7F6-45AC-8CAF-08ECA7530CE6}.Debug|Any CPU.ActiveCfg = Debug|Any CPU
		{59B07AF8-D7F6-45AC-8CAF-08ECA7530CE6}.Debug|Any CPU.Build.0 = Debug|Any CPU
		{59B07AF8-D7F6-45AC-8CAF-08ECA7530CE6}.Release|Any CPU.ActiveCfg = Release|Any CPU
		{59B07AF8-D7F6-45AC-8CAF-08ECA7530CE6}.Release|Any CPU.Build.0 = Release|Any CPU
		{6312A2F0-0E49-49C1-A39C-942AF832CC57}.Debug|Any CPU.ActiveCfg = Debug|Any CPU
		{6312A2F0-0E49-49C1-A39C-942AF832CC57}.Debug|Any CPU.Build.0 = Debug|Any CPU
		{6312A2F0-0E49-49C1-A39C-942AF832CC57}.Release|Any CPU.ActiveCfg = Release|Any CPU
		{6312A2F0-0E49-49C1-A39C-942AF832CC57}.Release|Any CPU.Build.0 = Release|Any CPU
	EndGlobalSection
	GlobalSection(SolutionProperties) = preSolution
		HideSolutionNode = FALSE
	EndGlobalSection
	GlobalSection(ExtensibilityGlobals) = postSolution
		SolutionGuid = {FCB306CB-17C8-4DF3-9749-51693FEF8747}
	EndGlobalSection
EndGlobal
